
Microsoft Visual Studio Solution File, Format Version 12.00
# Visual Studio Version 16
VisualStudioVersion = 16.0.30406.217
MinimumVisualStudioVersion = 10.0.40219.1
Project("{9A19103F-16F7-4668-BE54-9A1E7A4F7556}") = "WorldGenPreviewer", "WorldGenPreviewer.csproj", "{4C396BD8-3102-493F-B166-3AE828365783}"
EndProject
Global
	GlobalSection(SolutionConfigurationPlatforms) = preSolution
		Debug|Any CPU = Debug|Any CPU
		Release|Any CPU = Release|Any CPU
	EndGlobalSection
	GlobalSection(ProjectConfigurationPlatforms) = postSolution
		{4C396BD8-3102-493F-B166-3AE828365783}.Debug|Any CPU.ActiveCfg = Debug|Any CPU
		{4C396BD8-3102-493F-B166-3AE828365783}.Debug|Any CPU.Build.0 = Debug|Any CPU
		{4C396BD8-3102-493F-B166-3AE828365783}.Release|Any CPU.ActiveCfg = Release|Any CPU
		{4C396BD8-3102-493F-B166-3AE828365783}.Release|Any CPU.Build.0 = Release|Any CPU
	EndGlobalSection
	GlobalSection(SolutionProperties) = preSolution
		HideSolutionNode = FALSE
	EndGlobalSection
	GlobalSection(ExtensibilityGlobals) = postSolution
		SolutionGuid = {FF4536FF-BB9D-41F2-ACB7-E8DB1597134D}
	EndGlobalSection
EndGlobal
